// !$*UTF8*$!
{
	archiveVersion = 1;
	classes = {
	};
	objectVersion = 55;
	objects = {

/* Begin PBXBuildFile section */
		303AF93B28316C5600CC3630 /* Tests_iOS.swift in Sources */ = {isa = PBXBuildFile; fileRef = 303AF93A28316C5600CC3630 /* Tests_iOS.swift */; };
		303AF93D28316C5600CC3630 /* Tests_iOSLaunchTests.swift in Sources */ = {isa = PBXBuildFile; fileRef = 303AF93C28316C5600CC3630 /* Tests_iOSLaunchTests.swift */; };
		303AF94728316C5600CC3630 /* Tests_macOS.swift in Sources */ = {isa = PBXBuildFile; fileRef = 303AF94628316C5600CC3630 /* Tests_macOS.swift */; };
		303AF94928316C5600CC3630 /* Tests_macOSLaunchTests.swift in Sources */ = {isa = PBXBuildFile; fileRef = 303AF94828316C5600CC3630 /* Tests_macOSLaunchTests.swift */; };
		303AF94A28316C5600CC3630 /* Better_HA_ControlsApp.swift in Sources */ = {isa = PBXBuildFile; fileRef = 303AF92228316C5400CC3630 /* Better_HA_ControlsApp.swift */; };
		303AF94B28316C5600CC3630 /* Better_HA_ControlsApp.swift in Sources */ = {isa = PBXBuildFile; fileRef = 303AF92228316C5400CC3630 /* Better_HA_ControlsApp.swift */; };
		303AF94C28316C5600CC3630 /* ContentView.swift in Sources */ = {isa = PBXBuildFile; fileRef = 303AF92328316C5400CC3630 /* ContentView.swift */; };
		303AF94D28316C5600CC3630 /* ContentView.swift in Sources */ = {isa = PBXBuildFile; fileRef = 303AF92328316C5400CC3630 /* ContentView.swift */; };
		303AF94E28316C5600CC3630 /* Assets.xcassets in Resources */ = {isa = PBXBuildFile; fileRef = 303AF92428316C5600CC3630 /* Assets.xcassets */; };
		303AF94F28316C5600CC3630 /* Assets.xcassets in Resources */ = {isa = PBXBuildFile; fileRef = 303AF92428316C5600CC3630 /* Assets.xcassets */; };
/* End PBXBuildFile section */

/* Begin PBXContainerItemProxy section */
		303AF93728316C5600CC3630 /* PBXContainerItemProxy */ = {
			isa = PBXContainerItemProxy;
			containerPortal = 303AF91D28316C5400CC3630 /* Project object */;
			proxyType = 1;
			remoteGlobalIDString = 303AF92828316C5600CC3630;
			remoteInfo = "Better HA Controls (iOS)";
		};
		303AF94328316C5600CC3630 /* PBXContainerItemProxy */ = {
			isa = PBXContainerItemProxy;
			containerPortal = 303AF91D28316C5400CC3630 /* Project object */;
			proxyType = 1;
			remoteGlobalIDString = 303AF92E28316C5600CC3630;
			remoteInfo = "Better HA Controls (macOS)";
		};
/* End PBXContainerItemProxy section */

/* Begin PBXFileReference section */
		303AF92228316C5400CC3630 /* Better_HA_ControlsApp.swift */ = {isa = PBXFileReference; lastKnownFileType = sourcecode.swift; path = Better_HA_ControlsApp.swift; sourceTree = "<group>"; };
		303AF92328316C5400CC3630 /* ContentView.swift */ = {isa = PBXFileReference; lastKnownFileType = sourcecode.swift; path = ContentView.swift; sourceTree = "<group>"; };
		303AF92428316C5600CC3630 /* Assets.xcassets */ = {isa = PBXFileReference; lastKnownFileType = folder.assetcatalog; path = Assets.xcassets; sourceTree = "<group>"; };
		303AF92928316C5600CC3630 /* Better HA Controls.app */ = {isa = PBXFileReference; explicitFileType = wrapper.application; includeInIndex = 0; path = "Better HA Controls.app"; sourceTree = BUILT_PRODUCTS_DIR; };
		303AF92F28316C5600CC3630 /* Better HA Controls.app */ = {isa = PBXFileReference; explicitFileType = wrapper.application; includeInIndex = 0; path = "Better HA Controls.app"; sourceTree = BUILT_PRODUCTS_DIR; };
		303AF93128316C5600CC3630 /* macOS.entitlements */ = {isa = PBXFileReference; lastKnownFileType = text.plist.entitlements; path = macOS.entitlements; sourceTree = "<group>"; };
		303AF93628316C5600CC3630 /* Tests iOS.xctest */ = {isa = PBXFileReference; explicitFileType = wrapper.cfbundle; includeInIndex = 0; path = "Tests iOS.xctest"; sourceTree = BUILT_PRODUCTS_DIR; };
		303AF93A28316C5600CC3630 /* Tests_iOS.swift */ = {isa = PBXFileReference; lastKnownFileType = sourcecode.swift; path = Tests_iOS.swift; sourceTree = "<group>"; };
		303AF93C28316C5600CC3630 /* Tests_iOSLaunchTests.swift */ = {isa = PBXFileReference; lastKnownFileType = sourcecode.swift; path = Tests_iOSLaunchTests.swift; sourceTree = "<group>"; };
		303AF94228316C5600CC3630 /* Tests macOS.xctest */ = {isa = PBXFileReference; explicitFileType = wrapper.cfbundle; includeInIndex = 0; path = "Tests macOS.xctest"; sourceTree = BUILT_PRODUCTS_DIR; };
		303AF94628316C5600CC3630 /* Tests_macOS.swift */ = {isa = PBXFileReference; lastKnownFileType = sourcecode.swift; path = Tests_macOS.swift; sourceTree = "<group>"; };
		303AF94828316C5600CC3630 /* Tests_macOSLaunchTests.swift */ = {isa = PBXFileReference; lastKnownFileType = sourcecode.swift; path = Tests_macOSLaunchTests.swift; sourceTree = "<group>"; };
/* End PBXFileReference section */

/* Begin PBXFrameworksBuildPhase section */
		303AF92628316C5600CC3630 /* Frameworks */ = {
			isa = PBXFrameworksBuildPhase;
			buildActionMask = 2147483647;
			files = (
			);
			runOnlyForDeploymentPostprocessing = 0;
		};
		303AF92C28316C5600CC3630 /* Frameworks */ = {
			isa = PBXFrameworksBuildPhase;
			buildActionMask = 2147483647;
			files = (
			);
			runOnlyForDeploymentPostprocessing = 0;
		};
		303AF93328316C5600CC3630 /* Frameworks */ = {
			isa = PBXFrameworksBuildPhase;
			buildActionMask = 2147483647;
			files = (
			);
			runOnlyForDeploymentPostprocessing = 0;
		};
		303AF93F28316C5600CC3630 /* Frameworks */ = {
			isa = PBXFrameworksBuildPhase;
			buildActionMask = 2147483647;
			files = (
			);
			runOnlyForDeploymentPostprocessing = 0;
		};
/* End PBXFrameworksBuildPhase section */

/* Begin PBXGroup section */
		303AF91C28316C5400CC3630 = {
			isa = PBXGroup;
			children = (
				303AF92128316C5400CC3630 /* Shared */,
				303AF93028316C5600CC3630 /* macOS */,
				303AF93928316C5600CC3630 /* Tests iOS */,
				303AF94528316C5600CC3630 /* Tests macOS */,
				303AF92A28316C5600CC3630 /* Products */,
			);
			sourceTree = "<group>";
		};
		303AF92128316C5400CC3630 /* Shared */ = {
			isa = PBXGroup;
			children = (
				303AF92228316C5400CC3630 /* Better_HA_ControlsApp.swift */,
				303AF92328316C5400CC3630 /* ContentView.swift */,
				303AF92428316C5600CC3630 /* Assets.xcassets */,
			);
			path = Shared;
			sourceTree = "<group>";
		};
		303AF92A28316C5600CC3630 /* Products */ = {
			isa = PBXGroup;
			children = (
				303AF92928316C5600CC3630 /* Better HA Controls.app */,
				303AF92F28316C5600CC3630 /* Better HA Controls.app */,
				303AF93628316C5600CC3630 /* Tests iOS.xctest */,
				303AF94228316C5600CC3630 /* Tests macOS.xctest */,
			);
			name = Products;
			sourceTree = "<group>";
		};
		303AF93028316C5600CC3630 /* macOS */ = {
			isa = PBXGroup;
			children = (
				303AF93128316C5600CC3630 /* macOS.entitlements */,
			);
			path = macOS;
			sourceTree = "<group>";
		};
		303AF93928316C5600CC3630 /* Tests iOS */ = {
			isa = PBXGroup;
			children = (
				303AF93A28316C5600CC3630 /* Tests_iOS.swift */,
				303AF93C28316C5600CC3630 /* Tests_iOSLaunchTests.swift */,
			);
			path = "Tests iOS";
			sourceTree = "<group>";
		};
		303AF94528316C5600CC3630 /* Tests macOS */ = {
			isa = PBXGroup;
			children = (
				303AF94628316C5600CC3630 /* Tests_macOS.swift */,
				303AF94828316C5600CC3630 /* Tests_macOSLaunchTests.swift */,
			);
			path = "Tests macOS";
			sourceTree = "<group>";
		};
/* End PBXGroup section */

/* Begin PBXNativeTarget section */
		303AF92828316C5600CC3630 /* Better HA Controls (iOS) */ = {
			isa = PBXNativeTarget;
			buildConfigurationList = 303AF95228316C5600CC3630 /* Build configuration list for PBXNativeTarget "Better HA Controls (iOS)" */;
			buildPhases = (
				303AF92528316C5600CC3630 /* Sources */,
				303AF92628316C5600CC3630 /* Frameworks */,
				303AF92728316C5600CC3630 /* Resources */,
			);
			buildRules = (
			);
			dependencies = (
			);
			name = "Better HA Controls (iOS)";
			productName = "Better HA Controls (iOS)";
			productReference = 303AF92928316C5600CC3630 /* Better HA Controls.app */;
			productType = "com.apple.product-type.application";
		};
		303AF92E28316C5600CC3630 /* Better HA Controls (macOS) */ = {
			isa = PBXNativeTarget;
			buildConfigurationList = 303AF95528316C5600CC3630 /* Build configuration list for PBXNativeTarget "Better HA Controls (macOS)" */;
			buildPhases = (
				303AF92B28316C5600CC3630 /* Sources */,
				303AF92C28316C5600CC3630 /* Frameworks */,
				303AF92D28316C5600CC3630 /* Resources */,
			);
			buildRules = (
			);
			dependencies = (
			);
			name = "Better HA Controls (macOS)";
			productName = "Better HA Controls (macOS)";
			productReference = 303AF92F28316C5600CC3630 /* Better HA Controls.app */;
			productType = "com.apple.product-type.application";
		};
		303AF93528316C5600CC3630 /* Tests iOS */ = {
			isa = PBXNativeTarget;
			buildConfigurationList = 303AF95828316C5600CC3630 /* Build configuration list for PBXNativeTarget "Tests iOS" */;
			buildPhases = (
				303AF93228316C5600CC3630 /* Sources */,
				303AF93328316C5600CC3630 /* Frameworks */,
				303AF93428316C5600CC3630 /* Resources */,
			);
			buildRules = (
			);
			dependencies = (
				303AF93828316C5600CC3630 /* PBXTargetDependency */,
			);
			name = "Tests iOS";
			productName = "Tests iOS";
			productReference = 303AF93628316C5600CC3630 /* Tests iOS.xctest */;
			productType = "com.apple.product-type.bundle.ui-testing";
		};
		303AF94128316C5600CC3630 /* Tests macOS */ = {
			isa = PBXNativeTarget;
			buildConfigurationList = 303AF95B28316C5600CC3630 /* Build configuration list for PBXNativeTarget "Tests macOS" */;
			buildPhases = (
				303AF93E28316C5600CC3630 /* Sources */,
				303AF93F28316C5600CC3630 /* Frameworks */,
				303AF94028316C5600CC3630 /* Resources */,
			);
			buildRules = (
			);
			dependencies = (
				303AF94428316C5600CC3630 /* PBXTargetDependency */,
			);
			name = "Tests macOS";
			productName = "Tests macOS";
			productReference = 303AF94228316C5600CC3630 /* Tests macOS.xctest */;
			productType = "com.apple.product-type.bundle.ui-testing";
		};
/* End PBXNativeTarget section */

/* Begin PBXProject section */
		303AF91D28316C5400CC3630 /* Project object */ = {
			isa = PBXProject;
			attributes = {
				BuildIndependentTargetsInParallel = 1;
				LastSwiftUpdateCheck = 1330;
				LastUpgradeCheck = 1330;
				TargetAttributes = {
					303AF92828316C5600CC3630 = {
						CreatedOnToolsVersion = 13.3;
					};
					303AF92E28316C5600CC3630 = {
						CreatedOnToolsVersion = 13.3;
					};
					303AF93528316C5600CC3630 = {
						CreatedOnToolsVersion = 13.3;
						TestTargetID = 303AF92828316C5600CC3630;
					};
					303AF94128316C5600CC3630 = {
						CreatedOnToolsVersion = 13.3;
						TestTargetID = 303AF92E28316C5600CC3630;
					};
				};
			};
			buildConfigurationList = 303AF92028316C5400CC3630 /* Build configuration list for PBXProject "Better HA Controls" */;
			compatibilityVersion = "Xcode 13.0";
			developmentRegion = en;
			hasScannedForEncodings = 0;
			knownRegions = (
				en,
				Base,
			);
			mainGroup = 303AF91C28316C5400CC3630;
			productRefGroup = 303AF92A28316C5600CC3630 /* Products */;
			projectDirPath = "";
			projectRoot = "";
			targets = (
				303AF92828316C5600CC3630 /* Better HA Controls (iOS) */,
				303AF92E28316C5600CC3630 /* Better HA Controls (macOS) */,
				303AF93528316C5600CC3630 /* Tests iOS */,
				303AF94128316C5600CC3630 /* Tests macOS */,
			);
		};
/* End PBXProject section */

/* Begin PBXResourcesBuildPhase section */
		303AF92728316C5600CC3630 /* Resources */ = {
			isa = PBXResourcesBuildPhase;
			buildActionMask = 2147483647;
			files = (
				303AF94E28316C5600CC3630 /* Assets.xcassets in Resources */,
			);
			runOnlyForDeploymentPostprocessing = 0;
		};
		303AF92D28316C5600CC3630 /* Resources */ = {
			isa = PBXResourcesBuildPhase;
			buildActionMask = 2147483647;
			files = (
				303AF94F28316C5600CC3630 /* Assets.xcassets in Resources */,
			);
			runOnlyForDeploymentPostprocessing = 0;
		};
		303AF93428316C5600CC3630 /* Resources */ = {
			isa = PBXResourcesBuildPhase;
			buildActionMask = 2147483647;
			files = (
			);
			runOnlyForDeploymentPostprocessing = 0;
		};
		303AF94028316C5600CC3630 /* Resources */ = {
			isa = PBXResourcesBuildPhase;
			buildActionMask = 2147483647;
			files = (
			);
			runOnlyForDeploymentPostprocessing = 0;
		};
/* End PBXResourcesBuildPhase section */

/* Begin PBXSourcesBuildPhase section */
		303AF92528316C5600CC3630 /* Sources */ = {
			isa = PBXSourcesBuildPhase;
			buildActionMask = 2147483647;
			files = (
				303AF94C28316C5600CC3630 /* ContentView.swift in Sources */,
				303AF94A28316C5600CC3630 /* Better_HA_ControlsApp.swift in Sources */,
			);
			runOnlyForDeploymentPostprocessing = 0;
		};
		303AF92B28316C5600CC3630 /* Sources */ = {
			isa = PBXSourcesBuildPhase;
			buildActionMask = 2147483647;
			files = (
				303AF94D28316C5600CC3630 /* ContentView.swift in Sources */,
				303AF94B28316C5600CC3630 /* Better_HA_ControlsApp.swift in Sources */,
			);
			runOnlyForDeploymentPostprocessing = 0;
		};
		303AF93228316C5600CC3630 /* Sources */ = {
			isa = PBXSourcesBuildPhase;
			buildActionMask = 2147483647;
			files = (
				303AF93D28316C5600CC3630 /* Tests_iOSLaunchTests.swift in Sources */,
				303AF93B28316C5600CC3630 /* Tests_iOS.swift in Sources */,
			);
			runOnlyForDeploymentPostprocessing = 0;
		};
		303AF93E28316C5600CC3630 /* Sources */ = {
			isa = PBXSourcesBuildPhase;
			buildActionMask = 2147483647;
			files = (
				303AF94928316C5600CC3630 /* Tests_macOSLaunchTests.swift in Sources */,
				303AF94728316C5600CC3630 /* Tests_macOS.swift in Sources */,
			);
			runOnlyForDeploymentPostprocessing = 0;
		};
/* End PBXSourcesBuildPhase section */

/* Begin PBXTargetDependency section */
		303AF93828316C5600CC3630 /* PBXTargetDependency */ = {
			isa = PBXTargetDependency;
			target = 303AF92828316C5600CC3630 /* Better HA Controls (iOS) */;
			targetProxy = 303AF93728316C5600CC3630 /* PBXContainerItemProxy */;
		};
		303AF94428316C5600CC3630 /* PBXTargetDependency */ = {
			isa = PBXTargetDependency;
			target = 303AF92E28316C5600CC3630 /* Better HA Controls (macOS) */;
			targetProxy = 303AF94328316C5600CC3630 /* PBXContainerItemProxy */;
		};
/* End PBXTargetDependency section */

/* Begin XCBuildConfiguration section */
		303AF95028316C5600CC3630 /* Debug */ = {
			isa = XCBuildConfiguration;
			buildSettings = {
				ALWAYS_SEARCH_USER_PATHS = NO;
				CLANG_ANALYZER_NONNULL = YES;
				CLANG_ANALYZER_NUMBER_OBJECT_CONVERSION = YES_AGGRESSIVE;
				CLANG_CXX_LANGUAGE_STANDARD = "gnu++17";
				CLANG_ENABLE_MODULES = YES;
				CLANG_ENABLE_OBJC_ARC = YES;
				CLANG_ENABLE_OBJC_WEAK = YES;
				CLANG_WARN_BLOCK_CAPTURE_AUTORELEASING = YES;
				CLANG_WARN_BOOL_CONVERSION = YES;
				CLANG_WARN_COMMA = YES;
				CLANG_WARN_CONSTANT_CONVERSION = YES;
				CLANG_WARN_DEPRECATED_OBJC_IMPLEMENTATIONS = YES;
				CLANG_WARN_DIRECT_OBJC_ISA_USAGE = YES_ERROR;
				CLANG_WARN_DOCUMENTATION_COMMENTS = YES;
				CLANG_WARN_EMPTY_BODY = YES;
				CLANG_WARN_ENUM_CONVERSION = YES;
				CLANG_WARN_INFINITE_RECURSION = YES;
				CLANG_WARN_INT_CONVERSION = YES;
				CLANG_WARN_NON_LITERAL_NULL_CONVERSION = YES;
				CLANG_WARN_OBJC_IMPLICIT_RETAIN_SELF = YES;
				CLANG_WARN_OBJC_LITERAL_CONVERSION = YES;
				CLANG_WARN_OBJC_ROOT_CLASS = YES_ERROR;
				CLANG_WARN_QUOTED_INCLUDE_IN_FRAMEWORK_HEADER = YES;
				CLANG_WARN_RANGE_LOOP_ANALYSIS = YES;
				CLANG_WARN_STRICT_PROTOTYPES = YES;
				CLANG_WARN_SUSPICIOUS_MOVE = YES;
				CLANG_WARN_UNGUARDED_AVAILABILITY = YES_AGGRESSIVE;
				CLANG_WARN_UNREACHABLE_CODE = YES;
				CLANG_WARN__DUPLICATE_METHOD_MATCH = YES;
				COPY_PHASE_STRIP = NO;
				DEBUG_INFORMATION_FORMAT = dwarf;
				ENABLE_STRICT_OBJC_MSGSEND = YES;
				ENABLE_TESTABILITY = YES;
				GCC_C_LANGUAGE_STANDARD = gnu11;
				GCC_DYNAMIC_NO_PIC = NO;
				GCC_NO_COMMON_BLOCKS = YES;
				GCC_OPTIMIZATION_LEVEL = 0;
				GCC_PREPROCESSOR_DEFINITIONS = (
					"DEBUG=1",
					"$(inherited)",
				);
				GCC_WARN_64_TO_32_BIT_CONVERSION = YES;
				GCC_WARN_ABOUT_RETURN_TYPE = YES_ERROR;
				GCC_WARN_UNDECLARED_SELECTOR = YES;
				GCC_WARN_UNINITIALIZED_AUTOS = YES_AGGRESSIVE;
				GCC_WARN_UNUSED_FUNCTION = YES;
				GCC_WARN_UNUSED_VARIABLE = YES;
				MTL_ENABLE_DEBUG_INFO = INCLUDE_SOURCE;
				MTL_FAST_MATH = YES;
				ONLY_ACTIVE_ARCH = YES;
				SWIFT_ACTIVE_COMPILATION_CONDITIONS = DEBUG;
				SWIFT_OPTIMIZATION_LEVEL = "-Onone";
			};
			name = Debug;
		};
		303AF95128316C5600CC3630 /* Release */ = {
			isa = XCBuildConfiguration;
			buildSettings = {
				ALWAYS_SEARCH_USER_PATHS = NO;
				CLANG_ANALYZER_NONNULL = YES;
				CLANG_ANALYZER_NUMBER_OBJECT_CONVERSION = YES_AGGRESSIVE;
				CLANG_CXX_LANGUAGE_STANDARD = "gnu++17";
				CLANG_ENABLE_MODULES = YES;
				CLANG_ENABLE_OBJC_ARC = YES;
				CLANG_ENABLE_OBJC_WEAK = YES;
				CLANG_WARN_BLOCK_CAPTURE_AUTORELEASING = YES;
				CLANG_WARN_BOOL_CONVERSION = YES;
				CLANG_WARN_COMMA = YES;
				CLANG_WARN_CONSTANT_CONVERSION = YES;
				CLANG_WARN_DEPRECATED_OBJC_IMPLEMENTATIONS = YES;
				CLANG_WARN_DIRECT_OBJC_ISA_USAGE = YES_ERROR;
				CLANG_WARN_DOCUMENTATION_COMMENTS = YES;
				CLANG_WARN_EMPTY_BODY = YES;
				CLANG_WARN_ENUM_CONVERSION = YES;
				CLANG_WARN_INFINITE_RECURSION = YES;
				CLANG_WARN_INT_CONVERSION = YES;
				CLANG_WARN_NON_LITERAL_NULL_CONVERSION = YES;
				CLANG_WARN_OBJC_IMPLICIT_RETAIN_SELF = YES;
				CLANG_WARN_OBJC_LITERAL_CONVERSION = YES;
				CLANG_WARN_OBJC_ROOT_CLASS = YES_ERROR;
				CLANG_WARN_QUOTED_INCLUDE_IN_FRAMEWORK_HEADER = YES;
				CLANG_WARN_RANGE_LOOP_ANALYSIS = YES;
				CLANG_WARN_STRICT_PROTOTYPES = YES;
				CLANG_WARN_SUSPICIOUS_MOVE = YES;
				CLANG_WARN_UNGUARDED_AVAILABILITY = YES_AGGRESSIVE;
				CLANG_WARN_UNREACHABLE_CODE = YES;
				CLANG_WARN__DUPLICATE_METHOD_MATCH = YES;
				COPY_PHASE_STRIP = NO;
				DEBUG_INFORMATION_FORMAT = "dwarf-with-dsym";
				ENABLE_NS_ASSERTIONS = NO;
				ENABLE_STRICT_OBJC_MSGSEND = YES;
				GCC_C_LANGUAGE_STANDARD = gnu11;
				GCC_NO_COMMON_BLOCKS = YES;
				GCC_WARN_64_TO_32_BIT_CONVERSION = YES;
				GCC_WARN_ABOUT_RETURN_TYPE = YES_ERROR;
				GCC_WARN_UNDECLARED_SELECTOR = YES;
				GCC_WARN_UNINITIALIZED_AUTOS = YES_AGGRESSIVE;
				GCC_WARN_UNUSED_FUNCTION = YES;
				GCC_WARN_UNUSED_VARIABLE = YES;
				MTL_ENABLE_DEBUG_INFO = NO;
				MTL_FAST_MATH = YES;
				SWIFT_COMPILATION_MODE = wholemodule;
				SWIFT_OPTIMIZATION_LEVEL = "-O";
			};
			name = Release;
		};
		303AF95328316C5600CC3630 /* Debug */ = {
			isa = XCBuildConfiguration;
			buildSettings = {
				ASSETCATALOG_COMPILER_APPICON_NAME = AppIcon;
				ASSETCATALOG_COMPILER_GLOBAL_ACCENT_COLOR_NAME = AccentColor;
				CODE_SIGN_STYLE = Automatic;
				CURRENT_PROJECT_VERSION = 1;
				DEVELOPMENT_TEAM = 352UZEKYPP;
				ENABLE_PREVIEWS = YES;
				GENERATE_INFOPLIST_FILE = YES;
				INFOPLIST_KEY_UIApplicationSceneManifest_Generation = YES;
				INFOPLIST_KEY_UIApplicationSupportsIndirectInputEvents = YES;
				INFOPLIST_KEY_UILaunchScreen_Generation = YES;
				INFOPLIST_KEY_UISupportedInterfaceOrientations_iPad = "UIInterfaceOrientationPortrait UIInterfaceOrientationPortraitUpsideDown UIInterfaceOrientationLandscapeLeft UIInterfaceOrientationLandscapeRight";
				INFOPLIST_KEY_UISupportedInterfaceOrientations_iPhone = "UIInterfaceOrientationPortrait UIInterfaceOrientationLandscapeLeft UIInterfaceOrientationLandscapeRight";
				IPHONEOS_DEPLOYMENT_TARGET = 15.4;
				LD_RUNPATH_SEARCH_PATHS = (
					"$(inherited)",
					"@executable_path/Frameworks",
				);
				MARKETING_VERSION = 1.0;
				PRODUCT_BUNDLE_IDENTIFIER = "tylervick.Better-HA-Controls";
				PRODUCT_NAME = "Better HA Controls";
				SDKROOT = iphoneos;
				SWIFT_EMIT_LOC_STRINGS = YES;
				SWIFT_VERSION = 5.0;
				TARGETED_DEVICE_FAMILY = "1,2";
			};
			name = Debug;
		};
		303AF95428316C5600CC3630 /* Release */ = {
			isa = XCBuildConfiguration;
			buildSettings = {
				ASSETCATALOG_COMPILER_APPICON_NAME = AppIcon;
				ASSETCATALOG_COMPILER_GLOBAL_ACCENT_COLOR_NAME = AccentColor;
				CODE_SIGN_STYLE = Automatic;
				CURRENT_PROJECT_VERSION = 1;
				DEVELOPMENT_TEAM = 352UZEKYPP;
				ENABLE_PREVIEWS = YES;
				GENERATE_INFOPLIST_FILE = YES;
				INFOPLIST_KEY_UIApplicationSceneManifest_Generation = YES;
				INFOPLIST_KEY_UIApplicationSupportsIndirectInputEvents = YES;
				INFOPLIST_KEY_UILaunchScreen_Generation = YES;
				INFOPLIST_KEY_UISupportedInterfaceOrientations_iPad = "UIInterfaceOrientationPortrait UIInterfaceOrientationPortraitUpsideDown UIInterfaceOrientationLandscapeLeft UIInterfaceOrientationLandscapeRight";
				INFOPLIST_KEY_UISupportedInterfaceOrientations_iPhone = "UIInterfaceOrientationPortrait UIInterfaceOrientationLandscapeLeft UIInterfaceOrientationLandscapeRight";
				IPHONEOS_DEPLOYMENT_TARGET = 15.4;
				LD_RUNPATH_SEARCH_PATHS = (
					"$(inherited)",
					"@executable_path/Frameworks",
				);
				MARKETING_VERSION = 1.0;
				PRODUCT_BUNDLE_IDENTIFIER = "tylervick.Better-HA-Controls";
				PRODUCT_NAME = "Better HA Controls";
				SDKROOT = iphoneos;
				SWIFT_EMIT_LOC_STRINGS = YES;
				SWIFT_VERSION = 5.0;
				TARGETED_DEVICE_FAMILY = "1,2";
				VALIDATE_PRODUCT = YES;
			};
			name = Release;
		};
		303AF95628316C5600CC3630 /* Debug */ = {
			isa = XCBuildConfiguration;
			buildSettings = {
				ASSETCATALOG_COMPILER_APPICON_NAME = AppIcon;
				ASSETCATALOG_COMPILER_GLOBAL_ACCENT_COLOR_NAME = AccentColor;
				CODE_SIGN_ENTITLEMENTS = macOS/macOS.entitlements;
				CODE_SIGN_STYLE = Automatic;
				COMBINE_HIDPI_IMAGES = YES;
				CURRENT_PROJECT_VERSION = 1;
				DEVELOPMENT_TEAM = 352UZEKYPP;
				ENABLE_HARDENED_RUNTIME = YES;
				ENABLE_PREVIEWS = YES;
				GENERATE_INFOPLIST_FILE = YES;
				INFOPLIST_KEY_NSHumanReadableCopyright = "";
				LD_RUNPATH_SEARCH_PATHS = (
					"$(inherited)",
					"@executable_path/../Frameworks",
				);
				MACOSX_DEPLOYMENT_TARGET = 12.3;
				MARKETING_VERSION = 1.0;
				PRODUCT_BUNDLE_IDENTIFIER = "tylervick.Better-HA-Controls";
				PRODUCT_NAME = "Better HA Controls";
				SDKROOT = macosx;
				SWIFT_EMIT_LOC_STRINGS = YES;
				SWIFT_VERSION = 5.0;
			};
			name = Debug;
		};
		303AF95728316C5600CC3630 /* Release */ = {
			isa = XCBuildConfiguration;
			buildSettings = {
				ASSETCATALOG_COMPILER_APPICON_NAME = AppIcon;
				ASSETCATALOG_COMPILER_GLOBAL_ACCENT_COLOR_NAME = AccentColor;
				CODE_SIGN_ENTITLEMENTS = macOS/macOS.entitlements;
				CODE_SIGN_STYLE = Automatic;
				COMBINE_HIDPI_IMAGES = YES;
				CURRENT_PROJECT_VERSION = 1;
				DEVELOPMENT_TEAM = 352UZEKYPP;
				ENABLE_HARDENED_RUNTIME = YES;
				ENABLE_PREVIEWS = YES;
				GENERATE_INFOPLIST_FILE = YES;
				INFOPLIST_KEY_NSHumanReadableCopyright = "";
				LD_RUNPATH_SEARCH_PATHS = (
					"$(inherited)",
					"@executable_path/../Frameworks",
				);
				MACOSX_DEPLOYMENT_TARGET = 12.3;
				MARKETING_VERSION = 1.0;
				PRODUCT_BUNDLE_IDENTIFIER = "tylervick.Better-HA-Controls";
				PRODUCT_NAME = "Better HA Controls";
				SDKROOT = macosx;
				SWIFT_EMIT_LOC_STRINGS = YES;
				SWIFT_VERSION = 5.0;
			};
			name = Release;
		};
		303AF95928316C5600CC3630 /* Debug */ = {
			isa = XCBuildConfiguration;
			buildSettings = {
				ALWAYS_EMBED_SWIFT_STANDARD_LIBRARIES = YES;
				CODE_SIGN_STYLE = Automatic;
				CURRENT_PROJECT_VERSION = 1;
				DEVELOPMENT_TEAM = 352UZEKYPP;
				GENERATE_INFOPLIST_FILE = YES;
				IPHONEOS_DEPLOYMENT_TARGET = 15.4;
				MARKETING_VERSION = 1.0;
				PRODUCT_BUNDLE_IDENTIFIER = "tylervick.Tests-iOS";
				PRODUCT_NAME = "$(TARGET_NAME)";
				SDKROOT = iphoneos;
				SWIFT_EMIT_LOC_STRINGS = NO;
				SWIFT_VERSION = 5.0;
				TARGETED_DEVICE_FAMILY = "1,2";
				TEST_TARGET_NAME = "Better HA Controls (iOS)";
			};
			name = Debug;
		};
		303AF95A28316C5600CC3630 /* Release */ = {
			isa = XCBuildConfiguration;
			buildSettings = {
				ALWAYS_EMBED_SWIFT_STANDARD_LIBRARIES = YES;
				CODE_SIGN_STYLE = Automatic;
				CURRENT_PROJECT_VERSION = 1;
				DEVELOPMENT_TEAM = 352UZEKYPP;
				GENERATE_INFOPLIST_FILE = YES;
				IPHONEOS_DEPLOYMENT_TARGET = 15.4;
				MARKETING_VERSION = 1.0;
				PRODUCT_BUNDLE_IDENTIFIER = "tylervick.Tests-iOS";
				PRODUCT_NAME = "$(TARGET_NAME)";
				SDKROOT = iphoneos;
				SWIFT_EMIT_LOC_STRINGS = NO;
				SWIFT_VERSION = 5.0;
				TARGETED_DEVICE_FAMILY = "1,2";
				TEST_TARGET_NAME = "Better HA Controls (iOS)";
				VALIDATE_PRODUCT = YES;
			};
			name = Release;
		};
		303AF95C28316C5600CC3630 /* Debug */ = {
			isa = XCBuildConfiguration;
			buildSettings = {
				ALWAYS_EMBED_SWIFT_STANDARD_LIBRARIES = YES;
				CODE_SIGN_STYLE = Automatic;
				CURRENT_PROJECT_VERSION = 1;
				DEVELOPMENT_TEAM = 352UZEKYPP;
				GENERATE_INFOPLIST_FILE = YES;
				MACOSX_DEPLOYMENT_TARGET = 12.3;
				MARKETING_VERSION = 1.0;
				PRODUCT_BUNDLE_IDENTIFIER = "tylervick.Tests-macOS";
				PRODUCT_NAME = "$(TARGET_NAME)";
				SDKROOT = macosx;
				SWIFT_EMIT_LOC_STRINGS = NO;
				SWIFT_VERSION = 5.0;
				TEST_TARGET_NAME = "Better HA Controls (macOS)";
			};
			name = Debug;
		};
		303AF95D28316C5600CC3630 /* Release */ = {
			isa = XCBuildConfiguration;
			buildSettings = {
				ALWAYS_EMBED_SWIFT_STANDARD_LIBRARIES = YES;
				CODE_SIGN_STYLE = Automatic;
				CURRENT_PROJECT_VERSION = 1;
				DEVELOPMENT_TEAM = 352UZEKYPP;
				GENERATE_INFOPLIST_FILE = YES;
				MACOSX_DEPLOYMENT_TARGET = 12.3;
				MARKETING_VERSION = 1.0;
				PRODUCT_BUNDLE_IDENTIFIER = "tylervick.Tests-macOS";
				PRODUCT_NAME = "$(TARGET_NAME)";
				SDKROOT = macosx;
				SWIFT_EMIT_LOC_STRINGS = NO;
				SWIFT_VERSION = 5.0;
				TEST_TARGET_NAME = "Better HA Controls (macOS)";
			};
			name = Release;
		};
/* End XCBuildConfiguration section */

/* Begin XCConfigurationList section */
		303AF92028316C5400CC3630 /* Build configuration list for PBXProject "Better HA Controls" */ = {
			isa = XCConfigurationList;
			buildConfigurations = (
				303AF95028316C5600CC3630 /* Debug */,
				303AF95128316C5600CC3630 /* Release */,
			);
			defaultConfigurationIsVisible = 0;
			defaultConfigurationName = Release;
		};
		303AF95228316C5600CC3630 /* Build configuration list for PBXNativeTarget "Better HA Controls (iOS)" */ = {
			isa = XCConfigurationList;
			buildConfigurations = (
				303AF95328316C5600CC3630 /* Debug */,
				303AF95428316C5600CC3630 /* Release */,
			);
			defaultConfigurationIsVisible = 0;
			defaultConfigurationName = Release;
		};
		303AF95528316C5600CC3630 /* Build configuration list for PBXNativeTarget "Better HA Controls (macOS)" */ = {
			isa = XCConfigurationList;
			buildConfigurations = (
				303AF95628316C5600CC3630 /* Debug */,
				303AF95728316C5600CC3630 /* Release */,
			);
			defaultConfigurationIsVisible = 0;
			defaultConfigurationName = Release;
		};
		303AF95828316C5600CC3630 /* Build configuration list for PBXNativeTarget "Tests iOS" */ = {
			isa = XCConfigurationList;
			buildConfigurations = (
				303AF95928316C5600CC3630 /* Debug */,
				303AF95A28316C5600CC3630 /* Release */,
			);
			defaultConfigurationIsVisible = 0;
			defaultConfigurationName = Release;
		};
		303AF95B28316C5600CC3630 /* Build configuration list for PBXNativeTarget "Tests macOS" */ = {
			isa = XCConfigurationList;
			buildConfigurations = (
				303AF95C28316C5600CC3630 /* Debug */,
				303AF95D28316C5600CC3630 /* Release */,
			);
			defaultConfigurationIsVisible = 0;
			defaultConfigurationName = Release;
		};
/* End XCConfigurationList section */
	};
	rootObject = 303AF91D28316C5400CC3630 /* Project object */;
}
